
Microsoft Visual Studio Solution File, Format Version 12.00
# Visual Studio Express 2012 for Web
Project("{FAE04EC0-301F-11D3-BF4B-00C04F79EFBC}") = "downloadable", "downloadable\downloadable.csproj", "{636CBC0F-5D42-4A3F-AEC8-5AFB93EEE3D9}"
EndProject
Project("{FAE04EC0-301F-11D3-BF4B-00C04F79EFBC}") = "downloadable.Tests", "downloadable.Tests\downloadable.Tests.csproj", "{57AD333A-84B4-4486-BCDA-4EB05D419930}"
EndProject
Global
	GlobalSection(SolutionConfigurationPlatforms) = preSolution
		Debug|Any CPU = Debug|Any CPU
		Release|Any CPU = Release|Any CPU
	EndGlobalSection
	GlobalSection(ProjectConfigurationPlatforms) = postSolution
		{636CBC0F-5D42-4A3F-AEC8-5AFB93EEE3D9}.Debug|Any CPU.ActiveCfg = Debug|Any CPU
		{636CBC0F-5D42-4A3F-AEC8-5AFB93EEE3D9}.Debug|Any CPU.Build.0 = Debug|Any CPU
		{636CBC0F-5D42-4A3F-AEC8-5AFB93EEE3D9}.Release|Any CPU.ActiveCfg = Release|Any CPU
		{636CBC0F-5D42-4A3F-AEC8-5AFB93EEE3D9}.Release|Any CPU.Build.0 = Release|Any CPU
		{57AD333A-84B4-4486-BCDA-4EB05D419930}.Debug|Any CPU.ActiveCfg = Debug|Any CPU
		{57AD333A-84B4-4486-BCDA-4EB05D419930}.Debug|Any CPU.Build.0 = Debug|Any CPU
		{57AD333A-84B4-4486-BCDA-4EB05D419930}.Release|Any CPU.ActiveCfg = Release|Any CPU
		{57AD333A-84B4-4486-BCDA-4EB05D419930}.Release|Any CPU.Build.0 = Release|Any CPU
	EndGlobalSection
	GlobalSection(SolutionProperties) = preSolution
		HideSolutionNode = FALSE
	EndGlobalSection
EndGlobal
